PODS:
  - Adyen (5.20.1):
    - Adyen/Actions (= 5.20.1)
    - Adyen/Card (= 5.20.1)
    - Adyen/Components (= 5.20.1)
    - Adyen/Core (= 5.20.1)
    - Adyen/DropIn (= 5.20.1)
    - Adyen/Encryption (= 5.20.1)
    - Adyen/Session (= 5.20.1)
  - Adyen/Actions (5.20.1):
    - Adyen/Core
    - Adyen3DS2 (= 2.4.3)
  - Adyen/Card (5.20.1):
    - Adyen/Core
    - Adyen/Encryption
  - Adyen/Components (5.20.1):
    - Adyen/Core
    - Adyen/Encryption
  - Adyen/Core (5.20.1):
    - AdyenNetworking (= 3.0.1)
  - Adyen/DropIn (5.20.1):
    - Adyen/Actions
    - Adyen/Card
    - Adyen/Components
    - Adyen/Core
    - Adyen/Encryption
  - Adyen/Encryption (5.20.1)
  - Adyen/Session (5.20.1):
    - Adyen/Actions
    - Adyen/Core
  - Adyen3DS2 (2.4.3)
  - AdyenNetworking (3.0.1)
  - Flutter (1.0.0)
  - integration_test (0.0.1):
    - Flutter
  - pay_ios (0.0.1):
    - Flutter
  - plexy_checkout (0.0.1):
    - Adyen
    - Flutter

DEPENDENCIES:
  - Adyen (from `https://github.com/plexypay/plexy-ios.git`, branch `develop`)
  - Flutter (from `Flutter`)
  - integration_test (from `.symlinks/plugins/integration_test/ios`)
  - pay_ios (from `.symlinks/plugins/pay_ios/ios`)
  - plexy_checkout (from `.symlinks/plugins/plexy_checkout/ios`)

SPEC REPOS:
  trunk:
    - Adyen3DS2
    - AdyenNetworking

EXTERNAL SOURCES:
  Adyen:
    :branch: develop
    :git: https://github.com/plexypay/plexy-ios.git
  Flutter:
    :path: Flutter
  integration_test:
    :path: ".symlinks/plugins/integration_test/ios"
  pay_ios:
    :path: ".symlinks/plugins/pay_ios/ios"
  plexy_checkout:
    :path: ".symlinks/plugins/plexy_checkout/ios"

CHECKOUT OPTIONS:
  Adyen:
    :commit: c73b3f347a3120d8ed4a6e9a9130940071445461
    :git: https://github.com/plexypay/plexy-ios.git

SPEC CHECKSUMS:
  Adyen: 2be434e4fb7bfd98d5f5e2b0b0ab633c49281c10
  Adyen3DS2: 1973825d24193688a6c85246d8be333d9cb8bc72
  AdyenNetworking: eb6196954566a5b3e0c3c56fa12d8d69948603dc
  Flutter: cabc95a1d2626b1b06e7179b784ebcf0c0cde467
  integration_test: 252f60fa39af5e17c3aa9899d35d908a0721b573
  pay_ios: 8c7beb9c61d885f3f51b61f75f8793023fc8843a
  plexy_checkout: 689ab0bfa9f74570e5bd3f8e435f0ea55964c5f9

PODFILE CHECKSUM: 99e065ecce82420d26205bef64ab15063ebfdb58

COCOAPODS: 1.16.2
